
Microsoft Visual Studio Solution File, Format Version 12.00
# Visual Studio Version 17
VisualStudioVersion = 17.6.33815.320
MinimumVisualStudioVersion = 10.0.40219.1
Project("{FAE04EC0-301F-11D3-BF4B-00C04F79EFBC}") = "TextHandling", "TextHandling\TextHandling.csproj", "{B42AE1F3-CCFC-4AD8-A42B-0E4286BFC615}"
EndProject
Global
	GlobalSection(SolutionConfigurationPlatforms) = preSolution
		Debug|Any CPU = Debug|Any CPU
		Release|Any CPU = Release|Any CPU
	EndGlobalSection
	GlobalSection(ProjectConfigurationPlatforms) = postSolution
		{B42AE1F3-CCFC-4AD8-A42B-0E4286BFC615}.Debug|Any CPU.ActiveCfg = Debug|Any CPU
		{B42AE1F3-CCFC-4AD8-A42B-0E4286BFC615}.Debug|Any CPU.Build.0 = Debug|Any CPU
		{B42AE1F3-CCFC-4AD8-A42B-0E4286BFC615}.Release|Any CPU.ActiveCfg = Release|Any CPU
		{B42AE1F3-CCFC-4AD8-A42B-0E4286BFC615}.Release|Any CPU.Build.0 = Release|Any CPU
	EndGlobalSection
	GlobalSection(SolutionProperties) = preSolution
		HideSolutionNode = FALSE
	EndGlobalSection
	GlobalSection(ExtensibilityGlobals) = postSolution
		SolutionGuid = {33D0E908-EFE5-4210-874C-B0A7D9482BEF}
	EndGlobalSection
EndGlobal
